
Microsoft Visual Studio Solution File, Format Version 12.00
# Visual Studio 15
VisualStudioVersion = 15.0.28307.1267
MinimumVisualStudioVersion = 10.0.40219.1
Project("{FAE04EC0-301F-11D3-BF4B-00C04F79EFBC}") = "Ubs-Bot", "Ubs-Bot\Ubs-Bot.csproj", "{18AB1C7E-6D26-418F-B0C6-532EBB8994F1}"
EndProject
Global
	GlobalSection(SolutionConfigurationPlatforms) = preSolution
		Debug|Any CPU = Debug|Any CPU
		Release|Any CPU = Release|Any CPU
	EndGlobalSection
	GlobalSection(ProjectConfigurationPlatforms) = postSolution
		{18AB1C7E-6D26-418F-B0C6-532EBB8994F1}.Debug|Any CPU.ActiveCfg = Debug|Any CPU
		{18AB1C7E-6D26-418F-B0C6-532EBB8994F1}.Debug|Any CPU.Build.0 = Debug|Any CPU
		{18AB1C7E-6D26-418F-B0C6-532EBB8994F1}.Release|Any CPU.ActiveCfg = Release|Any CPU
		{18AB1C7E-6D26-418F-B0C6-532EBB8994F1}.Release|Any CPU.Build.0 = Release|Any CPU
	EndGlobalSection
	GlobalSection(SolutionProperties) = preSolution
		HideSolutionNode = FALSE
	EndGlobalSection
	GlobalSection(ExtensibilityGlobals) = postSolution
		SolutionGuid = {3E3FCF5B-D44D-4D74-A5A1-9E6A40CD6290}
	EndGlobalSection
EndGlobal
